// !$*UTF8*$!
{
	archiveVersion = 1;
	classes = {
	};
	objectVersion = 47;
	objects = {

/* Begin PBXBuildFile section */
		607FACD61AFB9204008FA782 /* AppDelegate.swift in Sources */ = {isa = PBXBuildFile; fileRef = 607FACD51AFB9204008FA782 /* AppDelegate.swift */; };
		607FACDD1AFB9204008FA782 /* Images.xcassets in Resources */ = {isa = PBXBuildFile; fileRef = 607FACDC1AFB9204008FA782 /* Images.xcassets */; };
		607FACE01AFB9204008FA782 /* LaunchScreen.xib in Resources */ = {isa = PBXBuildFile; fileRef = 607FACDE1AFB9204008FA782 /* LaunchScreen.xib */; };
		6B8003571C99831B00A3ED9C /* VoiceTableViewController.swift in Sources */ = {isa = PBXBuildFile; fileRef = 6B8003561C99831B00A3ED9C /* VoiceTableViewController.swift */; };
		6B80035C1C9983A100A3ED9C /* CalendarCellView.swift in Sources */ = {isa = PBXBuildFile; fileRef = 6B80035A1C9983A100A3ED9C /* CalendarCellView.swift */; };
		6B80035F1C9983AE00A3ED9C /* AnimationClass.swift in Sources */ = {isa = PBXBuildFile; fileRef = 6B80035E1C9983AE00A3ED9C /* AnimationClass.swift */; };
		6BE786741CF72D5800191F8D /* CalendarCellView.xib in Resources */ = {isa = PBXBuildFile; fileRef = 6B80035B1C9983A100A3ED9C /* CalendarCellView.xib */; };
		8B0218BB1D50ED14007D208D /* RecordViewController.swift in Sources */ = {isa = PBXBuildFile; fileRef = 8B0218BA1D50ED14007D208D /* RecordViewController.swift */; };
		8B0218BD1D50ED2E007D208D /* CustomPresentAnimationController.swift in Sources */ = {isa = PBXBuildFile; fileRef = 8B0218BC1D50ED2E007D208D /* CustomPresentAnimationController.swift */; };
		8B02750C1D54D92A00983BF5 /* VoiceDetailViewController.swift in Sources */ = {isa = PBXBuildFile; fileRef = 8B02750B1D54D92A00983BF5 /* VoiceDetailViewController.swift */; };
		8B02750E1D54DBC200983BF5 /* MapKit.framework in Frameworks */ = {isa = PBXBuildFile; fileRef = 8B02750D1D54DBC200983BF5 /* MapKit.framework */; };
		8B0275101D54DEF600983BF5 /* Voice.swift in Sources */ = {isa = PBXBuildFile; fileRef = 8B02750F1D54DEF600983BF5 /* Voice.swift */; };
		8B09A6E91D5B606500EBF853 /* TagCellView.swift in Sources */ = {isa = PBXBuildFile; fileRef = 8B09A6E81D5B606500EBF853 /* TagCellView.swift */; };
		8B3476131D5CC2100003A531 /* TagCellView.xib in Resources */ = {isa = PBXBuildFile; fileRef = 8B3476121D5CC2100003A531 /* TagCellView.xib */; };
		8B5DB7A01DA5B887004800B1 /* PulleyPassthroughScrollView.swift in Sources */ = {isa = PBXBuildFile; fileRef = 8B5DB79E1DA5B887004800B1 /* PulleyPassthroughScrollView.swift */; };
		8B5DB7A11DA5B887004800B1 /* PulleyViewController.swift in Sources */ = {isa = PBXBuildFile; fileRef = 8B5DB79F1DA5B887004800B1 /* PulleyViewController.swift */; };
		8B92436F1DA19152005E63A4 /* Main.storyboard in Resources */ = {isa = PBXBuildFile; fileRef = 6BCFFB3C1C9B9F1B005E2C7E /* Main.storyboard */; };
		8BD250921D9E4A4D0000E359 /* VoiceRecorder.xcdatamodeld in Sources */ = {isa = PBXBuildFile; fileRef = 8BD250901D9E4A4D0000E359 /* VoiceRecorder.xcdatamodeld */; };
		8BD250941D9E63EB0000E359 /* CoreData.framework in Frameworks */ = {isa = PBXBuildFile; fileRef = 8BD250931D9E63EB0000E359 /* CoreData.framework */; };
		8BD250951D9EBAC10000E359 /* Pods_VoiceRecorder.framework in Frameworks */ = {isa = PBXBuildFile; fileRef = 3128D151D2541D5560030952 /* Pods_VoiceRecorder.framework */; };
		8BFF2CA61D537C9000D84BF2 /* VoiceTableCellView.swift in Sources */ = {isa = PBXBuildFile; fileRef = 8BFF2CA51D537C9000D84BF2 /* VoiceTableCellView.swift */; };
/* End PBXBuildFile section */

/* Begin PBXFileReference section */
		2F39F8BE1B1D8E3E3479FBE1 /* Pods-VoiceRecorder.release.xcconfig */ = {isa = PBXFileReference; includeInIndex = 1; lastKnownFileType = text.xcconfig; name = "Pods-VoiceRecorder.release.xcconfig"; path = "Pods/Target Support Files/Pods-VoiceRecorder/Pods-VoiceRecorder.release.xcconfig"; sourceTree = "<group>"; };
		3128D151D2541D5560030952 /* Pods_VoiceRecorder.framework */ = {isa = PBXFileReference; explicitFileType = wrapper.framework; includeInIndex = 0; path = Pods_VoiceRecorder.framework; sourceTree = BUILT_PRODUCTS_DIR; };
		607FACD01AFB9204008FA782 /* VoiceRecorder.app */ = {isa = PBXFileReference; explicitFileType = wrapper.application; includeInIndex = 0; path = VoiceRecorder.app; sourceTree = BUILT_PRODUCTS_DIR; };
		607FACD41AFB9204008FA782 /* Info.plist */ = {isa = PBXFileReference; lastKnownFileType = text.plist.xml; path = Info.plist; sourceTree = "<group>"; };
		607FACD51AFB9204008FA782 /* AppDelegate.swift */ = {isa = PBXFileReference; lastKnownFileType = sourcecode.swift; path = AppDelegate.swift; sourceTree = "<group>"; };
		607FACDC1AFB9204008FA782 /* Images.xcassets */ = {isa = PBXFileReference; lastKnownFileType = folder.assetcatalog; path = Images.xcassets; sourceTree = "<group>"; };
		607FACDF1AFB9204008FA782 /* Base */ = {isa = PBXFileReference; lastKnownFileType = file.xib; name = Base; path = Base.lproj/LaunchScreen.xib; sourceTree = "<group>"; };
		6B8003561C99831B00A3ED9C /* VoiceTableViewController.swift */ = {isa = PBXFileReference; fileEncoding = 4; lastKnownFileType = sourcecode.swift; path = VoiceTableViewController.swift; sourceTree = "<group>"; };
		6B80035A1C9983A100A3ED9C /* CalendarCellView.swift */ = {isa = PBXFileReference; fileEncoding = 4; lastKnownFileType = sourcecode.swift; path = CalendarCellView.swift; sourceTree = "<group>"; };
		6B80035B1C9983A100A3ED9C /* CalendarCellView.xib */ = {isa = PBXFileReference; fileEncoding = 4; lastKnownFileType = file.xib; path = CalendarCellView.xib; sourceTree = "<group>"; };
		6B80035E1C9983AE00A3ED9C /* AnimationClass.swift */ = {isa = PBXFileReference; fileEncoding = 4; lastKnownFileType = sourcecode.swift; path = AnimationClass.swift; sourceTree = "<group>"; };
		6BCFFB3D1C9B9F1B005E2C7E /* Base */ = {isa = PBXFileReference; lastKnownFileType = file.storyboard; name = Base; path = Base.lproj/Main.storyboard; sourceTree = "<group>"; };
		847F02EE1D10CABFC736E4E5 /* Pods-VoiceRecorder.debug.xcconfig */ = {isa = PBXFileReference; includeInIndex = 1; lastKnownFileType = text.xcconfig; name = "Pods-VoiceRecorder.debug.xcconfig"; path = "Pods/Target Support Files/Pods-VoiceRecorder/Pods-VoiceRecorder.debug.xcconfig"; sourceTree = "<group>"; };
		8B0218BA1D50ED14007D208D /* RecordViewController.swift */ = {isa = PBXFileReference; fileEncoding = 4; lastKnownFileType = sourcecode.swift; path = RecordViewController.swift; sourceTree = "<group>"; };
		8B0218BC1D50ED2E007D208D /* CustomPresentAnimationController.swift */ = {isa = PBXFileReference; fileEncoding = 4; lastKnownFileType = sourcecode.swift; path = CustomPresentAnimationController.swift; sourceTree = "<group>"; };
		8B02750B1D54D92A00983BF5 /* VoiceDetailViewController.swift */ = {isa = PBXFileReference; fileEncoding = 4; lastKnownFileType = sourcecode.swift; path = VoiceDetailViewController.swift; sourceTree = "<group>"; };
		8B02750D1D54DBC200983BF5 /* MapKit.framework */ = {isa = PBXFileReference; lastKnownFileType = wrapper.framework; name = MapKit.framework; path = System/Library/Frameworks/MapKit.framework; sourceTree = SDKROOT; };
		8B02750F1D54DEF600983BF5 /* Voice.swift */ = {isa = PBXFileReference; fileEncoding = 4; lastKnownFileType = sourcecode.swift; path = Voice.swift; sourceTree = "<group>"; };
		8B09A6E81D5B606500EBF853 /* TagCellView.swift */ = {isa = PBXFileReference; fileEncoding = 4; lastKnownFileType = sourcecode.swift; path = TagCellView.swift; sourceTree = "<group>"; };
		8B3476121D5CC2100003A531 /* TagCellView.xib */ = {isa = PBXFileReference; fileEncoding = 4; lastKnownFileType = file.xib; path = TagCellView.xib; sourceTree = "<group>"; };
		8B5DB79E1DA5B887004800B1 /* PulleyPassthroughScrollView.swift */ = {isa = PBXFileReference; fileEncoding = 4; lastKnownFileType = sourcecode.swift; path = PulleyPassthroughScrollView.swift; sourceTree = "<group>"; };
		8B5DB79F1DA5B887004800B1 /* PulleyViewController.swift */ = {isa = PBXFileReference; fileEncoding = 4; lastKnownFileType = sourcecode.swift; path = PulleyViewController.swift; sourceTree = "<group>"; };
		8BD250911D9E4A4D0000E359 /* VoiceRecorder.xcdatamodel */ = {isa = PBXFileReference; lastKnownFileType = wrapper.xcdatamodel; path = VoiceRecorder.xcdatamodel; sourceTree = "<group>"; };
		8BD250931D9E63EB0000E359 /* CoreData.framework */ = {isa = PBXFileReference; lastKnownFileType = wrapper.framework; name = CoreData.framework; path = System/Library/Frameworks/CoreData.framework; sourceTree = SDKROOT; };
		8BFA25831D523C2E00821EEC /* VoiceRecorder.entitlements */ = {isa = PBXFileReference; lastKnownFileType = text.xml; path = VoiceRecorder.entitlements; sourceTree = "<group>"; };
		8BFF2CA51D537C9000D84BF2 /* VoiceTableCellView.swift */ = {isa = PBXFileReference; fileEncoding = 4; lastKnownFileType = sourcecode.swift; path = VoiceTableCellView.swift; sourceTree = "<group>"; };
/* End PBXFileReference section */

/* Begin PBXFrameworksBuildPhase section */
		607FACCD1AFB9204008FA782 /* Frameworks */ = {
			isa = PBXFrameworksBuildPhase;
			buildActionMask = 2147483647;
			files = (
				8BD250941D9E63EB0000E359 /* CoreData.framework in Frameworks */,
				8BD250951D9EBAC10000E359 /* Pods_VoiceRecorder.framework in Frameworks */,
				8B02750E1D54DBC200983BF5 /* MapKit.framework in Frameworks */,
			);
			runOnlyForDeploymentPostprocessing = 0;
		};
/* End PBXFrameworksBuildPhase section */

/* Begin PBXGroup section */
		41F48E595EDF4D48B9E37E22 /* Pods */ = {
			isa = PBXGroup;
			children = (
				847F02EE1D10CABFC736E4E5 /* Pods-VoiceRecorder.debug.xcconfig */,
				2F39F8BE1B1D8E3E3479FBE1 /* Pods-VoiceRecorder.release.xcconfig */,
			);
			name = Pods;
			sourceTree = "<group>";
		};
		607FACC71AFB9204008FA782 = {
			isa = PBXGroup;
			children = (
				607FACD21AFB9204008FA782 /* VoiceRecorder */,
				607FACD11AFB9204008FA782 /* Products */,
				41F48E595EDF4D48B9E37E22 /* Pods */,
				813A3023639706B38688BBA5 /* Frameworks */,
			);
			sourceTree = "<group>";
		};
		607FACD11AFB9204008FA782 /* Products */ = {
			isa = PBXGroup;
			children = (
				607FACD01AFB9204008FA782 /* VoiceRecorder.app */,
			);
			name = Products;
			sourceTree = "<group>";
		};
		607FACD21AFB9204008FA782 /* VoiceRecorder */ = {
			isa = PBXGroup;
			children = (
				8B5DB79D1DA5B887004800B1 /* PulleyLib */,
				8BFA25831D523C2E00821EEC /* VoiceRecorder.entitlements */,
				8B02750F1D54DEF600983BF5 /* Voice.swift */,
				607FACD51AFB9204008FA782 /* AppDelegate.swift */,
				8B0218BA1D50ED14007D208D /* RecordViewController.swift */,
				6B8003561C99831B00A3ED9C /* VoiceTableViewController.swift */,
				8B02750B1D54D92A00983BF5 /* VoiceDetailViewController.swift */,
				8B0218BC1D50ED2E007D208D /* CustomPresentAnimationController.swift */,
				6B80035E1C9983AE00A3ED9C /* AnimationClass.swift */,
				6B80035A1C9983A100A3ED9C /* CalendarCellView.swift */,
				8BFF2CA51D537C9000D84BF2 /* VoiceTableCellView.swift */,
				8B09A6E81D5B606500EBF853 /* TagCellView.swift */,
				607FACDC1AFB9204008FA782 /* Images.xcassets */,
				6BCFFB3C1C9B9F1B005E2C7E /* Main.storyboard */,
				6B80035B1C9983A100A3ED9C /* CalendarCellView.xib */,
				8B3476121D5CC2100003A531 /* TagCellView.xib */,
				607FACDE1AFB9204008FA782 /* LaunchScreen.xib */,
				607FACD31AFB9204008FA782 /* Supporting Files */,
				8BD250901D9E4A4D0000E359 /* VoiceRecorder.xcdatamodeld */,
			);
			path = VoiceRecorder;
			sourceTree = "<group>";
		};
		607FACD31AFB9204008FA782 /* Supporting Files */ = {
			isa = PBXGroup;
			children = (
				607FACD41AFB9204008FA782 /* Info.plist */,
			);
			name = "Supporting Files";
			sourceTree = "<group>";
		};
		813A3023639706B38688BBA5 /* Frameworks */ = {
			isa = PBXGroup;
			children = (
				8BD250931D9E63EB0000E359 /* CoreData.framework */,
				8B02750D1D54DBC200983BF5 /* MapKit.framework */,
				3128D151D2541D5560030952 /* Pods_VoiceRecorder.framework */,
			);
			name = Frameworks;
			sourceTree = "<group>";
		};
		8B5DB79D1DA5B887004800B1 /* PulleyLib */ = {
			isa = PBXGroup;
			children = (
				8B5DB79E1DA5B887004800B1 /* PulleyPassthroughScrollView.swift */,
				8B5DB79F1DA5B887004800B1 /* PulleyViewController.swift */,
			);
			path = PulleyLib;
			sourceTree = "<group>";
		};
/* End PBXGroup section */

/* Begin PBXNativeTarget section */
		607FACCF1AFB9204008FA782 /* VoiceRecorder */ = {
			isa = PBXNativeTarget;
			buildConfigurationList = 607FACEF1AFB9204008FA782 /* Build configuration list for PBXNativeTarget "VoiceRecorder" */;
			buildPhases = (
				58577D762D04E8E6B8D98009 /* 📦 Check Pods Manifest.lock */,
				9ADD2CCEC6B05B0DDA547275 /* [CP] Check Pods Manifest.lock */,
				607FACCC1AFB9204008FA782 /* Sources */,
				607FACCD1AFB9204008FA782 /* Frameworks */,
				607FACCE1AFB9204008FA782 /* Resources */,
				E399F0D45F3A62018C51BCC3 /* [CP] Embed Pods Frameworks */,
				460597413C88070D4A00BCE4 /* [CP] Copy Pods Resources */,
				66BB00152005EC7132F7633E /* 📦 Embed Pods Frameworks */,
				7527D24463E1EA5E465AFDF7 /* 📦 Copy Pods Resources */,
			);
			buildRules = (
			);
			dependencies = (
			);
			name = VoiceRecorder;
			productName = VoiceRecorder;
			productReference = 607FACD01AFB9204008FA782 /* VoiceRecorder.app */;
			productType = "com.apple.product-type.application";
		};
/* End PBXNativeTarget section */

/* Begin PBXProject section */
		607FACC81AFB9204008FA782 /* Project object */ = {
			isa = PBXProject;
			attributes = {
				LastSwiftUpdateCheck = 0720;
				LastUpgradeCheck = 0720;
				ORGANIZATIONNAME = CocoaPods;
				TargetAttributes = {
					607FACCF1AFB9204008FA782 = {
						CreatedOnToolsVersion = 6.3.1;
						DevelopmentTeam = 5VY7X6W92A;
						SystemCapabilities = {
							com.apple.BackgroundModes = {
								enabled = 1;
							};
							com.apple.Maps.iOS = {
								enabled = 1;
							};
							com.apple.iCloud = {
								enabled = 0;
							};
						};
					};
				};
			};
			buildConfigurationList = 607FACCB1AFB9204008FA782 /* Build configuration list for PBXProject "VoiceRecorder" */;
			compatibilityVersion = "Xcode 6.3";
			developmentRegion = English;
			hasScannedForEncodings = 0;
			knownRegions = (
				en,
				Base,
			);
			mainGroup = 607FACC71AFB9204008FA782;
			productRefGroup = 607FACD11AFB9204008FA782 /* Products */;
			projectDirPath = "";
			projectRoot = "";
			targets = (
				607FACCF1AFB9204008FA782 /* VoiceRecorder */,
			);
		};
/* End PBXProject section */

/* Begin PBXResourcesBuildPhase section */
		607FACCE1AFB9204008FA782 /* Resources */ = {
			isa = PBXResourcesBuildPhase;
			buildActionMask = 2147483647;
			files = (
				6BE786741CF72D5800191F8D /* CalendarCellView.xib in Resources */,
				8B92436F1DA19152005E63A4 /* Main.storyboard in Resources */,
				8B3476131D5CC2100003A531 /* TagCellView.xib in Resources */,
				607FACE01AFB9204008FA782 /* LaunchScreen.xib in Resources */,
				607FACDD1AFB9204008FA782 /* Images.xcassets in Resources */,
			);
			runOnlyForDeploymentPostprocessing = 0;
		};
/* End PBXResourcesBuildPhase section */

/* Begin PBXShellScriptBuildPhase section */
		460597413C88070D4A00BCE4 /* [CP] Copy Pods Resources */ = {
			isa = PBXShellScriptBuildPhase;
			buildActionMask = 2147483647;
			files = (
			);
			inputPaths = (
			);
			name = "[CP] Copy Pods Resources";
			outputPaths = (
			);
			runOnlyForDeploymentPostprocessing = 0;
			shellPath = /bin/sh;
			shellScript = "\"${SRCROOT}/Pods/Target Support Files/Pods-VoiceRecorder/Pods-VoiceRecorder-resources.sh\"\n";
			showEnvVarsInLog = 0;
		};
		58577D762D04E8E6B8D98009 /* 📦 Check Pods Manifest.lock */ = {
			isa = PBXShellScriptBuildPhase;
			buildActionMask = 2147483647;
			files = (
			);
			inputPaths = (
			);
			name = "📦 Check Pods Manifest.lock";
			outputPaths = (
			);
			runOnlyForDeploymentPostprocessing = 0;
			shellPath = /bin/sh;
			shellScript = "diff \"${PODS_ROOT}/../Podfile.lock\" \"${PODS_ROOT}/Manifest.lock\" > /dev/null\nif [[ $? != 0 ]] ; then\n    cat << EOM\nerror: The sandbox is not in sync with the Podfile.lock. Run 'pod install' or update your CocoaPods installation.\nEOM\n    exit 1\nfi\n";
			showEnvVarsInLog = 0;
		};
		66BB00152005EC7132F7633E /* 📦 Embed Pods Frameworks */ = {
			isa = PBXShellScriptBuildPhase;
			buildActionMask = 2147483647;
			files = (
			);
			inputPaths = (
			);
			name = "📦 Embed Pods Frameworks";
			outputPaths = (
			);
			runOnlyForDeploymentPostprocessing = 0;
			shellPath = /bin/sh;
			shellScript = "\"${SRCROOT}/Pods/Target Support Files/Pods-VoiceRecorder/Pods-VoiceRecorder-frameworks.sh\"\n";
			showEnvVarsInLog = 0;
		};
		7527D24463E1EA5E465AFDF7 /* 📦 Copy Pods Resources */ = {
			isa = PBXShellScriptBuildPhase;
			buildActionMask = 2147483647;
			files = (
			);
			inputPaths = (
			);
			name = "📦 Copy Pods Resources";
			outputPaths = (
			);
			runOnlyForDeploymentPostprocessing = 0;
			shellPath = /bin/sh;
			shellScript = "\"${SRCROOT}/Pods/Target Support Files/Pods-VoiceRecorder/Pods-VoiceRecorder-resources.sh\"\n";
			showEnvVarsInLog = 0;
		};
		9ADD2CCEC6B05B0DDA547275 /* [CP] Check Pods Manifest.lock */ = {
			isa = PBXShellScriptBuildPhase;
			buildActionMask = 2147483647;
			files = (
			);
			inputPaths = (
			);
			name = "[CP] Check Pods Manifest.lock";
			outputPaths = (
			);
			runOnlyForDeploymentPostprocessing = 0;
			shellPath = /bin/sh;
			shellScript = "diff \"${PODS_ROOT}/../Podfile.lock\" \"${PODS_ROOT}/Manifest.lock\" > /dev/null\nif [[ $? != 0 ]] ; then\n    cat << EOM\nerror: The sandbox is not in sync with the Podfile.lock. Run 'pod install' or update your CocoaPods installation.\nEOM\n    exit 1\nfi\n";
			showEnvVarsInLog = 0;
		};
		E399F0D45F3A62018C51BCC3 /* [CP] Embed Pods Frameworks */ = {
			isa = PBXShellScriptBuildPhase;
			buildActionMask = 2147483647;
			files = (
			);
			inputPaths = (
			);
			name = "[CP] Embed Pods Frameworks";
			outputPaths = (
			);
			runOnlyForDeploymentPostprocessing = 0;
			shellPath = /bin/sh;
			shellScript = "\"${SRCROOT}/Pods/Target Support Files/Pods-VoiceRecorder/Pods-VoiceRecorder-frameworks.sh\"\n";
			showEnvVarsInLog = 0;
		};
/* End PBXShellScriptBuildPhase section */

/* Begin PBXSourcesBuildPhase section */
		607FACCC1AFB9204008FA782 /* Sources */ = {
			isa = PBXSourcesBuildPhase;
			buildActionMask = 2147483647;
			files = (
				8BD250921D9E4A4D0000E359 /* VoiceRecorder.xcdatamodeld in Sources */,
				6B8003571C99831B00A3ED9C /* VoiceTableViewController.swift in Sources */,
				8BFF2CA61D537C9000D84BF2 /* VoiceTableCellView.swift in Sources */,
				8B5DB7A01DA5B887004800B1 /* PulleyPassthroughScrollView.swift in Sources */,
				6B80035F1C9983AE00A3ED9C /* AnimationClass.swift in Sources */,
				8B0218BB1D50ED14007D208D /* RecordViewController.swift in Sources */,
				607FACD61AFB9204008FA782 /* AppDelegate.swift in Sources */,
				6B80035C1C9983A100A3ED9C /* CalendarCellView.swift in Sources */,
				8B0218BD1D50ED2E007D208D /* CustomPresentAnimationController.swift in Sources */,
				8B0275101D54DEF600983BF5 /* Voice.swift in Sources */,
				8B02750C1D54D92A00983BF5 /* VoiceDetailViewController.swift in Sources */,
				8B09A6E91D5B606500EBF853 /* TagCellView.swift in Sources */,
				8B5DB7A11DA5B887004800B1 /* PulleyViewController.swift in Sources */,
			);
			runOnlyForDeploymentPostprocessing = 0;
		};
/* End PBXSourcesBuildPhase section */

/* Begin PBXVariantGroup section */
		607FACDE1AFB9204008FA782 /* LaunchScreen.xib */ = {
			isa = PBXVariantGroup;
			children = (
				607FACDF1AFB9204008FA782 /* Base */,
			);
			name = LaunchScreen.xib;
			sourceTree = "<group>";
		};
		6BCFFB3C1C9B9F1B005E2C7E /* Main.storyboard */ = {
			isa = PBXVariantGroup;
			children = (
				6BCFFB3D1C9B9F1B005E2C7E /* Base */,
			);
			name = Main.storyboard;
			sourceTree = "<group>";
		};
/* End PBXVariantGroup section */

/* Begin XCBuildConfiguration section */
		607FACED1AFB9204008FA782 /* Debug */ = {
			isa = XCBuildConfiguration;
			buildSettings = {
				ALWAYS_SEARCH_USER_PATHS = NO;
				CLANG_CXX_LANGUAGE_STANDARD = "gnu++0x";
				CLANG_CXX_LIBRARY = "libc++";
				CLANG_ENABLE_MODULES = YES;
				CLANG_ENABLE_OBJC_ARC = YES;
				CLANG_WARN_BOOL_CONVERSION = YES;
				CLANG_WARN_CONSTANT_CONVERSION = YES;
				CLANG_WARN_DIRECT_OBJC_ISA_USAGE = YES_ERROR;
				CLANG_WARN_EMPTY_BODY = YES;
				CLANG_WARN_ENUM_CONVERSION = YES;
				CLANG_WARN_INT_CONVERSION = YES;
				CLANG_WARN_OBJC_ROOT_CLASS = YES_ERROR;
				CLANG_WARN_UNREACHABLE_CODE = YES;
				CLANG_WARN__DUPLICATE_METHOD_MATCH = YES;
				CODE_SIGN_IDENTITY = "iPhone Developer: Jeff Lee (A676BC532X)";
				"CODE_SIGN_IDENTITY[sdk=iphoneos*]" = "iPhone Developer: Jeff Lee (A676BC532X)";
				COPY_PHASE_STRIP = NO;
				DEBUG_INFORMATION_FORMAT = "dwarf-with-dsym";
				ENABLE_STRICT_OBJC_MSGSEND = YES;
				ENABLE_TESTABILITY = YES;
				GCC_C_LANGUAGE_STANDARD = gnu99;
				GCC_DYNAMIC_NO_PIC = NO;
				GCC_NO_COMMON_BLOCKS = YES;
				GCC_OPTIMIZATION_LEVEL = 0;
				GCC_PREPROCESSOR_DEFINITIONS = (
					"DEBUG=1",
					"$(inherited)",
				);
				GCC_SYMBOLS_PRIVATE_EXTERN = NO;
				GCC_WARN_64_TO_32_BIT_CONVERSION = YES;
				GCC_WARN_ABOUT_RETURN_TYPE = YES_ERROR;
				GCC_WARN_UNDECLARED_SELECTOR = YES;
				GCC_WARN_UNINITIALIZED_AUTOS = YES_AGGRESSIVE;
				GCC_WARN_UNUSED_FUNCTION = YES;
				GCC_WARN_UNUSED_VARIABLE = YES;
				IPHONEOS_DEPLOYMENT_TARGET = 9.3;
				MTL_ENABLE_DEBUG_INFO = YES;
				ONLY_ACTIVE_ARCH = YES;
				PROVISIONING_PROFILE = "4d5a7144-5caa-4e89-bc22-b6e4e1cd6725";
				SDKROOT = iphoneos;
				SWIFT_OPTIMIZATION_LEVEL = "-Onone";
			};
			name = Debug;
		};
		607FACEE1AFB9204008FA782 /* Release */ = {
			isa = XCBuildConfiguration;
			buildSettings = {
				ALWAYS_SEARCH_USER_PATHS = NO;
				CLANG_CXX_LANGUAGE_STANDARD = "gnu++0x";
				CLANG_CXX_LIBRARY = "libc++";
				CLANG_ENABLE_MODULES = YES;
				CLANG_ENABLE_OBJC_ARC = YES;
				CLANG_WARN_BOOL_CONVERSION = YES;
				CLANG_WARN_CONSTANT_CONVERSION = YES;
				CLANG_WARN_DIRECT_OBJC_ISA_USAGE = YES_ERROR;
				CLANG_WARN_EMPTY_BODY = YES;
				CLANG_WARN_ENUM_CONVERSION = YES;
				CLANG_WARN_INT_CONVERSION = YES;
				CLANG_WARN_OBJC_ROOT_CLASS = YES_ERROR;
				CLANG_WARN_UNREACHABLE_CODE = YES;
				CLANG_WARN__DUPLICATE_METHOD_MATCH = YES;
				"CODE_SIGN_IDENTITY[sdk=iphoneos*]" = "iPhone Developer";
				COPY_PHASE_STRIP = NO;
				DEBUG_INFORMATION_FORMAT = "dwarf-with-dsym";
				ENABLE_NS_ASSERTIONS = NO;
				ENABLE_STRICT_OBJC_MSGSEND = YES;
				GCC_C_LANGUAGE_STANDARD = gnu99;
				GCC_NO_COMMON_BLOCKS = YES;
				GCC_WARN_64_TO_32_BIT_CONVERSION = YES;
				GCC_WARN_ABOUT_RETURN_TYPE = YES_ERROR;
				GCC_WARN_UNDECLARED_SELECTOR = YES;
				GCC_WARN_UNINITIALIZED_AUTOS = YES_AGGRESSIVE;
				GCC_WARN_UNUSED_FUNCTION = YES;
				GCC_WARN_UNUSED_VARIABLE = YES;
				IPHONEOS_DEPLOYMENT_TARGET = 9.3;
				MTL_ENABLE_DEBUG_INFO = NO;
				PROVISIONING_PROFILE = "4d5a7144-5caa-4e89-bc22-b6e4e1cd6725";
				SDKROOT = iphoneos;
				VALIDATE_PRODUCT = YES;
			};
			name = Release;
		};
		607FACF01AFB9204008FA782 /* Debug */ = {
			isa = XCBuildConfiguration;
			baseConfigurationReference = 847F02EE1D10CABFC736E4E5 /* Pods-VoiceRecorder.debug.xcconfig */;
			buildSettings = {
				ASSETCATALOG_COMPILER_APPICON_NAME = AppIcon;
				CODE_SIGN_ENTITLEMENTS = "";
				CODE_SIGN_IDENTITY = "iPhone Developer";
				"CODE_SIGN_IDENTITY[sdk=iphoneos*]" = "iPhone Developer";
				INFOPLIST_FILE = VoiceRecorder/Info.plist;
				IPHONEOS_DEPLOYMENT_TARGET = 9.0;
				LD_RUNPATH_SEARCH_PATHS = "$(inherited) @executable_path/Frameworks";
				MODULE_NAME = ExampleApp;
				PRODUCT_BUNDLE_IDENTIFIER = zelig.taprecord;
				PRODUCT_NAME = VoiceRecorder;
				PROVISIONING_PROFILE = "";
				SWIFT_OBJC_BRIDGING_HEADER = "";
			};
			name = Debug;
		};
		607FACF11AFB9204008FA782 /* Release */ = {
			isa = XCBuildConfiguration;
			baseConfigurationReference = 2F39F8BE1B1D8E3E3479FBE1 /* Pods-VoiceRecorder.release.xcconfig */;
			buildSettings = {
				ASSETCATALOG_COMPILER_APPICON_NAME = AppIcon;
				CODE_SIGN_ENTITLEMENTS = "";
				CODE_SIGN_IDENTITY = "iPhone Developer";
				"CODE_SIGN_IDENTITY[sdk=iphoneos*]" = "iPhone Developer";
				INFOPLIST_FILE = VoiceRecorder/Info.plist;
				IPHONEOS_DEPLOYMENT_TARGET = 9.0;
				LD_RUNPATH_SEARCH_PATHS = "$(inherited) @executable_path/Frameworks";
				MODULE_NAME = ExampleApp;
				PRODUCT_BUNDLE_IDENTIFIER = zelig.taprecord;
				PRODUCT_NAME = VoiceRecorder;
				PROVISIONING_PROFILE = "";
				SWIFT_OBJC_BRIDGING_HEADER = "";
			};
			name = Release;
		};
/* End XCBuildConfiguration section */

/* Begin XCConfigurationList section */
		607FACCB1AFB9204008FA782 /* Build configuration list for PBXProject "VoiceRecorder" */ = {
			isa = XCConfigurationList;
			buildConfigurations = (
				607FACED1AFB9204008FA782 /* Debug */,
				607FACEE1AFB9204008FA782 /* Release */,
			);
			defaultConfigurationIsVisible = 0;
			defaultConfigurationName = Release;
		};
		607FACEF1AFB9204008FA782 /* Build configuration list for PBXNativeTarget "VoiceRecorder" */ = {
			isa = XCConfigurationList;
			buildConfigurations = (
				607FACF01AFB9204008FA782 /* Debug */,
				607FACF11AFB9204008FA782 /* Release */,
			);
			defaultConfigurationIsVisible = 0;
			defaultConfigurationName = Release;
		};
/* End XCConfigurationList section */

/* Begin XCVersionGroup section */
		8BD250901D9E4A4D0000E359 /* VoiceRecorder.xcdatamodeld */ = {
			isa = XCVersionGroup;
			children = (
				8BD250911D9E4A4D0000E359 /* VoiceRecorder.xcdatamodel */,
			);
			currentVersion = 8BD250911D9E4A4D0000E359 /* VoiceRecorder.xcdatamodel */;
			path = VoiceRecorder.xcdatamodeld;
			sourceTree = "<group>";
			versionGroupType = wrapper.xcdatamodel;
		};
/* End XCVersionGroup section */
	};
	rootObject = 607FACC81AFB9204008FA782 /* Project object */;
}
